
Microsoft Visual Studio Solution File, Format Version 12.00
# Visual Studio Version 17
VisualStudioVersion = 17.0.31903.59
MinimumVisualStudioVersion = 10.0.40219.1
Project("{2150E333-8FDC-42A3-9474-1A3956D46DE8}") = "Solution Files", "Solution Files", "{D39A78EB-C028-410E-AC23-37DDD8D88CB9}"
	ProjectSection(SolutionItems) = preProject
		.editorconfig = .editorconfig
		.gitignore = .gitignore
		Directory.Build.props = Directory.Build.props
		setup.ps1 = setup.ps1
		.github\workflows\ci.yml = .github\workflows\ci.yml
	EndProjectSection
EndProject
Project("{9A19103F-16F7-4668-BE54-9A1E7A4F7556}") = "Panda.Api", "src\Panda.Api\Panda.Api.csproj", "{9AB89B05-1820-47C3-8E91-D923CCD24B87}"
EndProject
Project("{9A19103F-16F7-4668-BE54-9A1E7A4F7556}") = "Panda.Core", "src\Panda.Core\Panda.Core.csproj", "{F1ACB90B-3460-4D5D-A3EF-DA0DEE489EF9}"
EndProject
Project("{9A19103F-16F7-4668-BE54-9A1E7A4F7556}") = "Panda.Infrastructure", "src\Panda.Infrastructure\Panda.Infrastructure.csproj", "{FB6C881B-C632-41FC-9038-9AA8C5E0F149}"
EndProject
Project("{9A19103F-16F7-4668-BE54-9A1E7A4F7556}") = "Panda.Persistence", "src\Panda.Persistence\Panda.Persistence.csproj", "{3D120C95-D9FD-4156-A6FB-B979F3E65B8C}"
EndProject
Project("{E53339B2-1760-4266-BCC7-CA923CBCF16C}") = "docker-compose", "docker-compose.dcproj", "{09D6CC1F-0AF1-4647-962D-D27C120CF4CB}"
EndProject
Project("{2150E333-8FDC-42A3-9474-1A3956D46DE8}") = "Test", "Test", "{F4518CBA-2CCD-4982-83F0-E8E5C135A138}"
EndProject
Project("{9A19103F-16F7-4668-BE54-9A1E7A4F7556}") = "Panda.Core.Unit.Tests", "src\Panda.Core.Unit.Tests\Panda.Core.Unit.Tests.csproj", "{A7D7B990-3A63-4E7C-91A2-178C6C4E115C}"
EndProject
Global
	GlobalSection(SolutionConfigurationPlatforms) = preSolution
		Debug|Any CPU = Debug|Any CPU
		Release|Any CPU = Release|Any CPU
	EndGlobalSection
	GlobalSection(ProjectConfigurationPlatforms) = postSolution
		{9AB89B05-1820-47C3-8E91-D923CCD24B87}.Debug|Any CPU.ActiveCfg = Debug|Any CPU
		{9AB89B05-1820-47C3-8E91-D923CCD24B87}.Debug|Any CPU.Build.0 = Debug|Any CPU
		{9AB89B05-1820-47C3-8E91-D923CCD24B87}.Release|Any CPU.ActiveCfg = Release|Any CPU
		{9AB89B05-1820-47C3-8E91-D923CCD24B87}.Release|Any CPU.Build.0 = Release|Any CPU
		{F1ACB90B-3460-4D5D-A3EF-DA0DEE489EF9}.Debug|Any CPU.ActiveCfg = Debug|Any CPU
		{F1ACB90B-3460-4D5D-A3EF-DA0DEE489EF9}.Debug|Any CPU.Build.0 = Debug|Any CPU
		{F1ACB90B-3460-4D5D-A3EF-DA0DEE489EF9}.Release|Any CPU.ActiveCfg = Release|Any CPU
		{F1ACB90B-3460-4D5D-A3EF-DA0DEE489EF9}.Release|Any CPU.Build.0 = Release|Any CPU
		{FB6C881B-C632-41FC-9038-9AA8C5E0F149}.Debug|Any CPU.ActiveCfg = Debug|Any CPU
		{FB6C881B-C632-41FC-9038-9AA8C5E0F149}.Debug|Any CPU.Build.0 = Debug|Any CPU
		{FB6C881B-C632-41FC-9038-9AA8C5E0F149}.Release|Any CPU.ActiveCfg = Release|Any CPU
		{FB6C881B-C632-41FC-9038-9AA8C5E0F149}.Release|Any CPU.Build.0 = Release|Any CPU
		{3D120C95-D9FD-4156-A6FB-B979F3E65B8C}.Debug|Any CPU.ActiveCfg = Debug|Any CPU
		{3D120C95-D9FD-4156-A6FB-B979F3E65B8C}.Debug|Any CPU.Build.0 = Debug|Any CPU
		{3D120C95-D9FD-4156-A6FB-B979F3E65B8C}.Release|Any CPU.ActiveCfg = Release|Any CPU
		{3D120C95-D9FD-4156-A6FB-B979F3E65B8C}.Release|Any CPU.Build.0 = Release|Any CPU
		{09D6CC1F-0AF1-4647-962D-D27C120CF4CB}.Debug|Any CPU.ActiveCfg = Debug|Any CPU
		{09D6CC1F-0AF1-4647-962D-D27C120CF4CB}.Debug|Any CPU.Build.0 = Debug|Any CPU
		{09D6CC1F-0AF1-4647-962D-D27C120CF4CB}.Release|Any CPU.ActiveCfg = Release|Any CPU
		{09D6CC1F-0AF1-4647-962D-D27C120CF4CB}.Release|Any CPU.Build.0 = Release|Any CPU
		{A7D7B990-3A63-4E7C-91A2-178C6C4E115C}.Debug|Any CPU.ActiveCfg = Debug|Any CPU
		{A7D7B990-3A63-4E7C-91A2-178C6C4E115C}.Debug|Any CPU.Build.0 = Debug|Any CPU
		{A7D7B990-3A63-4E7C-91A2-178C6C4E115C}.Release|Any CPU.ActiveCfg = Release|Any CPU
		{A7D7B990-3A63-4E7C-91A2-178C6C4E115C}.Release|Any CPU.Build.0 = Release|Any CPU
	EndGlobalSection
	GlobalSection(SolutionProperties) = preSolution
		HideSolutionNode = FALSE
	EndGlobalSection
	GlobalSection(NestedProjects) = preSolution
		{A7D7B990-3A63-4E7C-91A2-178C6C4E115C} = {F4518CBA-2CCD-4982-83F0-E8E5C135A138}
	EndGlobalSection
	GlobalSection(ExtensibilityGlobals) = postSolution
		SolutionGuid = {91E6DD55-8FBB-4571-BEF6-526E4A15474A}
	EndGlobalSection
EndGlobal
